{
  "pins" : [
    {
      "identity" : "grdb.swift",
      "kind" : "remoteSourceControl",
      "location" : "https://github.com/groue/GRDB.swift.git",
      "state" : {
        "branch" : "experimental/snapshot-observation",
        "revision" : "82d3995f95d3c0fcf3fb36407f26d4e9d39714fe"
      }
    },
    {
      "identity" : "grdbquery",
      "kind" : "remoteSourceControl",
      "location" : "https://github.com/groue/GRDBQuery",
      "state" : {
        "revision" : "2c1f2e724102da2836e553dd0350501f1e00090e",
        "version" : "0.5.0"
      }
    }
  ],
  "version" : 2
}
