{
  "pins" : [
    {
      "identity" : "grdb.swift",
      "kind" : "remoteSourceControl",
      "location" : "https://github.com/groue/GRDB.swift.git",
      "state" : {
        "branch" : "development",
        "revision" : "131f414a757ce810ab9381298a72b709f4afa56d"
      }
    },
    {
      "identity" : "grdbquery",
      "kind" : "remoteSourceControl",
      "location" : "https://github.com/groue/GRDBQuery",
      "state" : {
        "revision" : "df514f2bd74548f94e082f3233022190e594fce4",
        "version" : "0.5.1"
      }
    }
  ],
  "version" : 2
}
