// !$*UTF8*$!
{
	archiveVersion = 1;
	classes = {
	};
	objectVersion = 56;
	objects = {

/* Begin PBXBuildFile section */
		56231937292A6C4D004A40FC /* Player.swift in Sources */ = {isa = PBXBuildFile; fileRef = 56231935292A6C4D004A40FC /* Player.swift */; };
		56231938292A6C4D004A40FC /* Persistence.swift in Sources */ = {isa = PBXBuildFile; fileRef = 56231936292A6C4D004A40FC /* Persistence.swift */; };
		5623193B292A6E4B004A40FC /* GRDBQuery in Frameworks */ = {isa = PBXBuildFile; productRef = 5623193A292A6E4B004A40FC /* GRDBQuery */; };
		5623193D292A75D5004A40FC /* PlayersView.swift in Sources */ = {isa = PBXBuildFile; fileRef = 5623193C292A75D5004A40FC /* PlayersView.swift */; };
		566BD75C2928D47900595649 /* PaginatedResultsDemoApp.swift in Sources */ = {isa = PBXBuildFile; fileRef = 566BD75B2928D47900595649 /* PaginatedResultsDemoApp.swift */; };
		566BD75E2928D47900595649 /* PaginationDemo.swift in Sources */ = {isa = PBXBuildFile; fileRef = 566BD75D2928D47900595649 /* PaginationDemo.swift */; };
		566BD7602928D47A00595649 /* Assets.xcassets in Resources */ = {isa = PBXBuildFile; fileRef = 566BD75F2928D47A00595649 /* Assets.xcassets */; };
		566BD7642928D47A00595649 /* Preview Assets.xcassets in Resources */ = {isa = PBXBuildFile; fileRef = 566BD7632928D47A00595649 /* Preview Assets.xcassets */; };
		566BD770292A2AF000595649 /* GRDBCollections in Frameworks */ = {isa = PBXBuildFile; productRef = 566BD76F292A2AF000595649 /* GRDBCollections */; };
/* End PBXBuildFile section */

/* Begin PBXFileReference section */
		56231935292A6C4D004A40FC /* Player.swift */ = {isa = PBXFileReference; fileEncoding = 4; lastKnownFileType = sourcecode.swift; path = Player.swift; sourceTree = "<group>"; };
		56231936292A6C4D004A40FC /* Persistence.swift */ = {isa = PBXFileReference; fileEncoding = 4; lastKnownFileType = sourcecode.swift; path = Persistence.swift; sourceTree = "<group>"; };
		5623193C292A75D5004A40FC /* PlayersView.swift */ = {isa = PBXFileReference; fileEncoding = 4; lastKnownFileType = sourcecode.swift; path = PlayersView.swift; sourceTree = "<group>"; };
		566BD7582928D47900595649 /* PaginatedResultsDemo.app */ = {isa = PBXFileReference; explicitFileType = wrapper.application; includeInIndex = 0; path = PaginatedResultsDemo.app; sourceTree = BUILT_PRODUCTS_DIR; };
		566BD75B2928D47900595649 /* PaginatedResultsDemoApp.swift */ = {isa = PBXFileReference; lastKnownFileType = sourcecode.swift; path = PaginatedResultsDemoApp.swift; sourceTree = "<group>"; };
		566BD75D2928D47900595649 /* PaginationDemo.swift */ = {isa = PBXFileReference; lastKnownFileType = sourcecode.swift; path = PaginationDemo.swift; sourceTree = "<group>"; };
		566BD75F2928D47A00595649 /* Assets.xcassets */ = {isa = PBXFileReference; lastKnownFileType = folder.assetcatalog; path = Assets.xcassets; sourceTree = "<group>"; };
		566BD7612928D47A00595649 /* PaginatedResultsDemo.entitlements */ = {isa = PBXFileReference; lastKnownFileType = text.plist.entitlements; path = PaginatedResultsDemo.entitlements; sourceTree = "<group>"; };
		566BD7632928D47A00595649 /* Preview Assets.xcassets */ = {isa = PBXFileReference; lastKnownFileType = folder.assetcatalog; path = "Preview Assets.xcassets"; sourceTree = "<group>"; };
		566BD76D292A294400595649 /* GRDBCollections */ = {isa = PBXFileReference; lastKnownFileType = wrapper; name = GRDBCollections; path = ../..; sourceTree = "<group>"; };
/* End PBXFileReference section */

/* Begin PBXFrameworksBuildPhase section */
		566BD7552928D47900595649 /* Frameworks */ = {
			isa = PBXFrameworksBuildPhase;
			buildActionMask = 2147483647;
			files = (
				5623193B292A6E4B004A40FC /* GRDBQuery in Frameworks */,
				566BD770292A2AF000595649 /* GRDBCollections in Frameworks */,
			);
			runOnlyForDeploymentPostprocessing = 0;
		};
/* End PBXFrameworksBuildPhase section */

/* Begin PBXGroup section */
		56231941292A82FE004A40FC /* Views */ = {
			isa = PBXGroup;
			children = (
				566BD75D2928D47900595649 /* PaginationDemo.swift */,
				5623193C292A75D5004A40FC /* PlayersView.swift */,
			);
			path = Views;
			sourceTree = "<group>";
		};
		566BD74F2928D47900595649 = {
			isa = PBXGroup;
			children = (
				566BD75A2928D47900595649 /* PaginatedResultsDemo */,
				566BD76C292A294400595649 /* Packages */,
				566BD7592928D47900595649 /* Products */,
				566BD76E292A2AF000595649 /* Frameworks */,
			);
			sourceTree = "<group>";
		};
		566BD7592928D47900595649 /* Products */ = {
			isa = PBXGroup;
			children = (
				566BD7582928D47900595649 /* PaginatedResultsDemo.app */,
			);
			name = Products;
			sourceTree = "<group>";
		};
		566BD75A2928D47900595649 /* PaginatedResultsDemo */ = {
			isa = PBXGroup;
			children = (
				566BD75B2928D47900595649 /* PaginatedResultsDemoApp.swift */,
				56231936292A6C4D004A40FC /* Persistence.swift */,
				56231935292A6C4D004A40FC /* Player.swift */,
				56231941292A82FE004A40FC /* Views */,
				566BD75F2928D47A00595649 /* Assets.xcassets */,
				566BD7612928D47A00595649 /* PaginatedResultsDemo.entitlements */,
				566BD7622928D47A00595649 /* Preview Content */,
			);
			path = PaginatedResultsDemo;
			sourceTree = "<group>";
		};
		566BD7622928D47A00595649 /* Preview Content */ = {
			isa = PBXGroup;
			children = (
				566BD7632928D47A00595649 /* Preview Assets.xcassets */,
			);
			path = "Preview Content";
			sourceTree = "<group>";
		};
		566BD76C292A294400595649 /* Packages */ = {
			isa = PBXGroup;
			children = (
				566BD76D292A294400595649 /* GRDBCollections */,
			);
			name = Packages;
			sourceTree = "<group>";
		};
		566BD76E292A2AF000595649 /* Frameworks */ = {
			isa = PBXGroup;
			children = (
			);
			name = Frameworks;
			sourceTree = "<group>";
		};
/* End PBXGroup section */

/* Begin PBXNativeTarget section */
		566BD7572928D47900595649 /* PaginatedResultsDemo */ = {
			isa = PBXNativeTarget;
			buildConfigurationList = 566BD7672928D47A00595649 /* Build configuration list for PBXNativeTarget "PaginatedResultsDemo" */;
			buildPhases = (
				566BD7542928D47900595649 /* Sources */,
				566BD7552928D47900595649 /* Frameworks */,
				566BD7562928D47900595649 /* Resources */,
			);
			buildRules = (
			);
			dependencies = (
			);
			name = PaginatedResultsDemo;
			packageProductDependencies = (
				566BD76F292A2AF000595649 /* GRDBCollections */,
				5623193A292A6E4B004A40FC /* GRDBQuery */,
			);
			productName = PaginatedResultsDemo;
			productReference = 566BD7582928D47900595649 /* PaginatedResultsDemo.app */;
			productType = "com.apple.product-type.application";
		};
/* End PBXNativeTarget section */

/* Begin PBXProject section */
		566BD7502928D47900595649 /* Project object */ = {
			isa = PBXProject;
			attributes = {
				BuildIndependentTargetsInParallel = 1;
				LastSwiftUpdateCheck = 1410;
				LastUpgradeCheck = 1410;
				TargetAttributes = {
					566BD7572928D47900595649 = {
						CreatedOnToolsVersion = 14.1;
					};
				};
			};
			buildConfigurationList = 566BD7532928D47900595649 /* Build configuration list for PBXProject "PaginatedResultsDemo" */;
			compatibilityVersion = "Xcode 14.0";
			developmentRegion = en;
			hasScannedForEncodings = 0;
			knownRegions = (
				en,
				Base,
			);
			mainGroup = 566BD74F2928D47900595649;
			packageReferences = (
				56231939292A6E4B004A40FC /* XCRemoteSwiftPackageReference "GRDBQuery" */,
			);
			productRefGroup = 566BD7592928D47900595649 /* Products */;
			projectDirPath = "";
			projectRoot = "";
			targets = (
				566BD7572928D47900595649 /* PaginatedResultsDemo */,
			);
		};
/* End PBXProject section */

/* Begin PBXResourcesBuildPhase section */
		566BD7562928D47900595649 /* Resources */ = {
			isa = PBXResourcesBuildPhase;
			buildActionMask = 2147483647;
			files = (
				566BD7642928D47A00595649 /* Preview Assets.xcassets in Resources */,
				566BD7602928D47A00595649 /* Assets.xcassets in Resources */,
			);
			runOnlyForDeploymentPostprocessing = 0;
		};
/* End PBXResourcesBuildPhase section */

/* Begin PBXSourcesBuildPhase section */
		566BD7542928D47900595649 /* Sources */ = {
			isa = PBXSourcesBuildPhase;
			buildActionMask = 2147483647;
			files = (
				5623193D292A75D5004A40FC /* PlayersView.swift in Sources */,
				566BD75E2928D47900595649 /* PaginationDemo.swift in Sources */,
				56231938292A6C4D004A40FC /* Persistence.swift in Sources */,
				56231937292A6C4D004A40FC /* Player.swift in Sources */,
				566BD75C2928D47900595649 /* PaginatedResultsDemoApp.swift in Sources */,
			);
			runOnlyForDeploymentPostprocessing = 0;
		};
/* End PBXSourcesBuildPhase section */

/* Begin XCBuildConfiguration section */
		566BD7652928D47A00595649 /* Debug */ = {
			isa = XCBuildConfiguration;
			buildSettings = {
				ALWAYS_SEARCH_USER_PATHS = NO;
				CLANG_ANALYZER_NONNULL = YES;
				CLANG_ANALYZER_NUMBER_OBJECT_CONVERSION = YES_AGGRESSIVE;
				CLANG_CXX_LANGUAGE_STANDARD = "gnu++20";
				CLANG_ENABLE_MODULES = YES;
				CLANG_ENABLE_OBJC_ARC = YES;
				CLANG_ENABLE_OBJC_WEAK = YES;
				CLANG_WARN_BLOCK_CAPTURE_AUTORELEASING = YES;
				CLANG_WARN_BOOL_CONVERSION = YES;
				CLANG_WARN_COMMA = YES;
				CLANG_WARN_CONSTANT_CONVERSION = YES;
				CLANG_WARN_DEPRECATED_OBJC_IMPLEMENTATIONS = YES;
				CLANG_WARN_DIRECT_OBJC_ISA_USAGE = YES_ERROR;
				CLANG_WARN_DOCUMENTATION_COMMENTS = YES;
				CLANG_WARN_EMPTY_BODY = YES;
				CLANG_WARN_ENUM_CONVERSION = YES;
				CLANG_WARN_INFINITE_RECURSION = YES;
				CLANG_WARN_INT_CONVERSION = YES;
				CLANG_WARN_NON_LITERAL_NULL_CONVERSION = YES;
				CLANG_WARN_OBJC_IMPLICIT_RETAIN_SELF = YES;
				CLANG_WARN_OBJC_LITERAL_CONVERSION = YES;
				CLANG_WARN_OBJC_ROOT_CLASS = YES_ERROR;
				CLANG_WARN_QUOTED_INCLUDE_IN_FRAMEWORK_HEADER = YES;
				CLANG_WARN_RANGE_LOOP_ANALYSIS = YES;
				CLANG_WARN_STRICT_PROTOTYPES = YES;
				CLANG_WARN_SUSPICIOUS_MOVE = YES;
				CLANG_WARN_UNGUARDED_AVAILABILITY = YES_AGGRESSIVE;
				CLANG_WARN_UNREACHABLE_CODE = YES;
				CLANG_WARN__DUPLICATE_METHOD_MATCH = YES;
				COPY_PHASE_STRIP = NO;
				DEBUG_INFORMATION_FORMAT = dwarf;
				ENABLE_STRICT_OBJC_MSGSEND = YES;
				ENABLE_TESTABILITY = YES;
				GCC_C_LANGUAGE_STANDARD = gnu11;
				GCC_DYNAMIC_NO_PIC = NO;
				GCC_NO_COMMON_BLOCKS = YES;
				GCC_OPTIMIZATION_LEVEL = 0;
				GCC_PREPROCESSOR_DEFINITIONS = (
					"DEBUG=1",
					"$(inherited)",
				);
				GCC_WARN_64_TO_32_BIT_CONVERSION = YES;
				GCC_WARN_ABOUT_RETURN_TYPE = YES_ERROR;
				GCC_WARN_UNDECLARED_SELECTOR = YES;
				GCC_WARN_UNINITIALIZED_AUTOS = YES_AGGRESSIVE;
				GCC_WARN_UNUSED_FUNCTION = YES;
				GCC_WARN_UNUSED_VARIABLE = YES;
				MTL_ENABLE_DEBUG_INFO = INCLUDE_SOURCE;
				MTL_FAST_MATH = YES;
				ONLY_ACTIVE_ARCH = YES;
				SWIFT_ACTIVE_COMPILATION_CONDITIONS = DEBUG;
				SWIFT_OPTIMIZATION_LEVEL = "-Onone";
			};
			name = Debug;
		};
		566BD7662928D47A00595649 /* Release */ = {
			isa = XCBuildConfiguration;
			buildSettings = {
				ALWAYS_SEARCH_USER_PATHS = NO;
				CLANG_ANALYZER_NONNULL = YES;
				CLANG_ANALYZER_NUMBER_OBJECT_CONVERSION = YES_AGGRESSIVE;
				CLANG_CXX_LANGUAGE_STANDARD = "gnu++20";
				CLANG_ENABLE_MODULES = YES;
				CLANG_ENABLE_OBJC_ARC = YES;
				CLANG_ENABLE_OBJC_WEAK = YES;
				CLANG_WARN_BLOCK_CAPTURE_AUTORELEASING = YES;
				CLANG_WARN_BOOL_CONVERSION = YES;
				CLANG_WARN_COMMA = YES;
				CLANG_WARN_CONSTANT_CONVERSION = YES;
				CLANG_WARN_DEPRECATED_OBJC_IMPLEMENTATIONS = YES;
				CLANG_WARN_DIRECT_OBJC_ISA_USAGE = YES_ERROR;
				CLANG_WARN_DOCUMENTATION_COMMENTS = YES;
				CLANG_WARN_EMPTY_BODY = YES;
				CLANG_WARN_ENUM_CONVERSION = YES;
				CLANG_WARN_INFINITE_RECURSION = YES;
				CLANG_WARN_INT_CONVERSION = YES;
				CLANG_WARN_NON_LITERAL_NULL_CONVERSION = YES;
				CLANG_WARN_OBJC_IMPLICIT_RETAIN_SELF = YES;
				CLANG_WARN_OBJC_LITERAL_CONVERSION = YES;
				CLANG_WARN_OBJC_ROOT_CLASS = YES_ERROR;
				CLANG_WARN_QUOTED_INCLUDE_IN_FRAMEWORK_HEADER = YES;
				CLANG_WARN_RANGE_LOOP_ANALYSIS = YES;
				CLANG_WARN_STRICT_PROTOTYPES = YES;
				CLANG_WARN_SUSPICIOUS_MOVE = YES;
				CLANG_WARN_UNGUARDED_AVAILABILITY = YES_AGGRESSIVE;
				CLANG_WARN_UNREACHABLE_CODE = YES;
				CLANG_WARN__DUPLICATE_METHOD_MATCH = YES;
				COPY_PHASE_STRIP = NO;
				DEBUG_INFORMATION_FORMAT = "dwarf-with-dsym";
				ENABLE_NS_ASSERTIONS = NO;
				ENABLE_STRICT_OBJC_MSGSEND = YES;
				GCC_C_LANGUAGE_STANDARD = gnu11;
				GCC_NO_COMMON_BLOCKS = YES;
				GCC_WARN_64_TO_32_BIT_CONVERSION = YES;
				GCC_WARN_ABOUT_RETURN_TYPE = YES_ERROR;
				GCC_WARN_UNDECLARED_SELECTOR = YES;
				GCC_WARN_UNINITIALIZED_AUTOS = YES_AGGRESSIVE;
				GCC_WARN_UNUSED_FUNCTION = YES;
				GCC_WARN_UNUSED_VARIABLE = YES;
				MTL_ENABLE_DEBUG_INFO = NO;
				MTL_FAST_MATH = YES;
				SWIFT_COMPILATION_MODE = wholemodule;
				SWIFT_OPTIMIZATION_LEVEL = "-O";
			};
			name = Release;
		};
		566BD7682928D47A00595649 /* Debug */ = {
			isa = XCBuildConfiguration;
			buildSettings = {
				ASSETCATALOG_COMPILER_APPICON_NAME = AppIcon;
				ASSETCATALOG_COMPILER_GLOBAL_ACCENT_COLOR_NAME = AccentColor;
				CODE_SIGN_ENTITLEMENTS = PaginatedResultsDemo/PaginatedResultsDemo.entitlements;
				CODE_SIGN_STYLE = Automatic;
				CURRENT_PROJECT_VERSION = 1;
				DEVELOPMENT_ASSET_PATHS = "\"PaginatedResultsDemo/Preview Content\"";
				DEVELOPMENT_TEAM = AMD8W895CT;
				ENABLE_PREVIEWS = YES;
				GENERATE_INFOPLIST_FILE = YES;
				"INFOPLIST_KEY_UIApplicationSceneManifest_Generation[sdk=iphoneos*]" = YES;
				"INFOPLIST_KEY_UIApplicationSceneManifest_Generation[sdk=iphonesimulator*]" = YES;
				"INFOPLIST_KEY_UIApplicationSupportsIndirectInputEvents[sdk=iphoneos*]" = YES;
				"INFOPLIST_KEY_UIApplicationSupportsIndirectInputEvents[sdk=iphonesimulator*]" = YES;
				"INFOPLIST_KEY_UILaunchScreen_Generation[sdk=iphoneos*]" = YES;
				"INFOPLIST_KEY_UILaunchScreen_Generation[sdk=iphonesimulator*]" = YES;
				"INFOPLIST_KEY_UIStatusBarStyle[sdk=iphoneos*]" = UIStatusBarStyleDefault;
				"INFOPLIST_KEY_UIStatusBarStyle[sdk=iphonesimulator*]" = UIStatusBarStyleDefault;
				INFOPLIST_KEY_UISupportedInterfaceOrientations_iPad = "UIInterfaceOrientationPortrait UIInterfaceOrientationPortraitUpsideDown UIInterfaceOrientationLandscapeLeft UIInterfaceOrientationLandscapeRight";
				INFOPLIST_KEY_UISupportedInterfaceOrientations_iPhone = "UIInterfaceOrientationPortrait UIInterfaceOrientationLandscapeLeft UIInterfaceOrientationLandscapeRight";
				IPHONEOS_DEPLOYMENT_TARGET = 16.1;
				LD_RUNPATH_SEARCH_PATHS = "@executable_path/Frameworks";
				"LD_RUNPATH_SEARCH_PATHS[sdk=macosx*]" = "@executable_path/../Frameworks";
				MACOSX_DEPLOYMENT_TARGET = 13.0;
				MARKETING_VERSION = 1.0;
				PRODUCT_BUNDLE_IDENTIFIER = com.github.groue.PaginatedResultsDemo;
				PRODUCT_NAME = "$(TARGET_NAME)";
				SDKROOT = auto;
				SUPPORTED_PLATFORMS = "iphoneos iphonesimulator macosx";
				SWIFT_EMIT_LOC_STRINGS = YES;
				SWIFT_VERSION = 5.0;
				TARGETED_DEVICE_FAMILY = "1,2";
			};
			name = Debug;
		};
		566BD7692928D47A00595649 /* Release */ = {
			isa = XCBuildConfiguration;
			buildSettings = {
				ASSETCATALOG_COMPILER_APPICON_NAME = AppIcon;
				ASSETCATALOG_COMPILER_GLOBAL_ACCENT_COLOR_NAME = AccentColor;
				CODE_SIGN_ENTITLEMENTS = PaginatedResultsDemo/PaginatedResultsDemo.entitlements;
				CODE_SIGN_STYLE = Automatic;
				CURRENT_PROJECT_VERSION = 1;
				DEVELOPMENT_ASSET_PATHS = "\"PaginatedResultsDemo/Preview Content\"";
				DEVELOPMENT_TEAM = AMD8W895CT;
				ENABLE_PREVIEWS = YES;
				GENERATE_INFOPLIST_FILE = YES;
				"INFOPLIST_KEY_UIApplicationSceneManifest_Generation[sdk=iphoneos*]" = YES;
				"INFOPLIST_KEY_UIApplicationSceneManifest_Generation[sdk=iphonesimulator*]" = YES;
				"INFOPLIST_KEY_UIApplicationSupportsIndirectInputEvents[sdk=iphoneos*]" = YES;
				"INFOPLIST_KEY_UIApplicationSupportsIndirectInputEvents[sdk=iphonesimulator*]" = YES;
				"INFOPLIST_KEY_UILaunchScreen_Generation[sdk=iphoneos*]" = YES;
				"INFOPLIST_KEY_UILaunchScreen_Generation[sdk=iphonesimulator*]" = YES;
				"INFOPLIST_KEY_UIStatusBarStyle[sdk=iphoneos*]" = UIStatusBarStyleDefault;
				"INFOPLIST_KEY_UIStatusBarStyle[sdk=iphonesimulator*]" = UIStatusBarStyleDefault;
				INFOPLIST_KEY_UISupportedInterfaceOrientations_iPad = "UIInterfaceOrientationPortrait UIInterfaceOrientationPortraitUpsideDown UIInterfaceOrientationLandscapeLeft UIInterfaceOrientationLandscapeRight";
				INFOPLIST_KEY_UISupportedInterfaceOrientations_iPhone = "UIInterfaceOrientationPortrait UIInterfaceOrientationLandscapeLeft UIInterfaceOrientationLandscapeRight";
				IPHONEOS_DEPLOYMENT_TARGET = 16.1;
				LD_RUNPATH_SEARCH_PATHS = "@executable_path/Frameworks";
				"LD_RUNPATH_SEARCH_PATHS[sdk=macosx*]" = "@executable_path/../Frameworks";
				MACOSX_DEPLOYMENT_TARGET = 13.0;
				MARKETING_VERSION = 1.0;
				PRODUCT_BUNDLE_IDENTIFIER = com.github.groue.PaginatedResultsDemo;
				PRODUCT_NAME = "$(TARGET_NAME)";
				SDKROOT = auto;
				SUPPORTED_PLATFORMS = "iphoneos iphonesimulator macosx";
				SWIFT_EMIT_LOC_STRINGS = YES;
				SWIFT_VERSION = 5.0;
				TARGETED_DEVICE_FAMILY = "1,2";
			};
			name = Release;
		};
/* End XCBuildConfiguration section */

/* Begin XCConfigurationList section */
		566BD7532928D47900595649 /* Build configuration list for PBXProject "PaginatedResultsDemo" */ = {
			isa = XCConfigurationList;
			buildConfigurations = (
				566BD7652928D47A00595649 /* Debug */,
				566BD7662928D47A00595649 /* Release */,
			);
			defaultConfigurationIsVisible = 0;
			defaultConfigurationName = Release;
		};
		566BD7672928D47A00595649 /* Build configuration list for PBXNativeTarget "PaginatedResultsDemo" */ = {
			isa = XCConfigurationList;
			buildConfigurations = (
				566BD7682928D47A00595649 /* Debug */,
				566BD7692928D47A00595649 /* Release */,
			);
			defaultConfigurationIsVisible = 0;
			defaultConfigurationName = Release;
		};
/* End XCConfigurationList section */

/* Begin XCRemoteSwiftPackageReference section */
		56231939292A6E4B004A40FC /* XCRemoteSwiftPackageReference "GRDBQuery" */ = {
			isa = XCRemoteSwiftPackageReference;
			repositoryURL = "https://github.com/groue/GRDBQuery";
			requirement = {
				kind = upToNextMajorVersion;
				minimumVersion = 0.5.1;
			};
		};
/* End XCRemoteSwiftPackageReference section */

/* Begin XCSwiftPackageProductDependency section */
		5623193A292A6E4B004A40FC /* GRDBQuery */ = {
			isa = XCSwiftPackageProductDependency;
			package = 56231939292A6E4B004A40FC /* XCRemoteSwiftPackageReference "GRDBQuery" */;
			productName = GRDBQuery;
		};
		566BD76F292A2AF000595649 /* GRDBCollections */ = {
			isa = XCSwiftPackageProductDependency;
			productName = GRDBCollections;
		};
/* End XCSwiftPackageProductDependency section */
	};
	rootObject = 566BD7502928D47900595649 /* Project object */;
}
